
Microsoft Visual Studio Solution File, Format Version 12.00
# Visual Studio 15
VisualStudioVersion = 15.0.27703.2026
MinimumVisualStudioVersion = 10.0.40219.1
Project("{FAE04EC0-301F-11D3-BF4B-00C04F79EFBC}") = "KeepScreenOn.Android", "KeepScreenOn\KeepScreenOn.Android\KeepScreenOn.Android.csproj", "{9D369D88-A8FA-43EA-8329-AFC07B5D92C0}"
EndProject
Project("{FAE04EC0-301F-11D3-BF4B-00C04F79EFBC}") = "KeepScreenOn", "KeepScreenOn\KeepScreenOn\KeepScreenOn.csproj", "{88339CC5-F5D8-4421-9226-7C2827295A6F}"
EndProject
Global
	GlobalSection(SolutionConfigurationPlatforms) = preSolution
		Debug|Any CPU = Debug|Any CPU
		Release|Any CPU = Release|Any CPU
	EndGlobalSection
	GlobalSection(ProjectConfigurationPlatforms) = postSolution
		{9D369D88-A8FA-43EA-8329-AFC07B5D92C0}.Debug|Any CPU.ActiveCfg = Debug|Any CPU
		{9D369D88-A8FA-43EA-8329-AFC07B5D92C0}.Debug|Any CPU.Build.0 = Debug|Any CPU
		{9D369D88-A8FA-43EA-8329-AFC07B5D92C0}.Debug|Any CPU.Deploy.0 = Debug|Any CPU
		{9D369D88-A8FA-43EA-8329-AFC07B5D92C0}.Release|Any CPU.ActiveCfg = Release|Any CPU
		{9D369D88-A8FA-43EA-8329-AFC07B5D92C0}.Release|Any CPU.Build.0 = Release|Any CPU
		{9D369D88-A8FA-43EA-8329-AFC07B5D92C0}.Release|Any CPU.Deploy.0 = Release|Any CPU
		{88339CC5-F5D8-4421-9226-7C2827295A6F}.Debug|Any CPU.ActiveCfg = Debug|Any CPU
		{88339CC5-F5D8-4421-9226-7C2827295A6F}.Debug|Any CPU.Build.0 = Debug|Any CPU
		{88339CC5-F5D8-4421-9226-7C2827295A6F}.Debug|Any CPU.Deploy.0 = Debug|Any CPU
		{88339CC5-F5D8-4421-9226-7C2827295A6F}.Release|Any CPU.ActiveCfg = Release|Any CPU
		{88339CC5-F5D8-4421-9226-7C2827295A6F}.Release|Any CPU.Build.0 = Release|Any CPU
		{88339CC5-F5D8-4421-9226-7C2827295A6F}.Release|Any CPU.Deploy.0 = Release|Any CPU
	EndGlobalSection
	GlobalSection(SolutionProperties) = preSolution
		HideSolutionNode = FALSE
	EndGlobalSection
	GlobalSection(ExtensibilityGlobals) = postSolution
		SolutionGuid = {3613F91A-2C7E-41CB-A82C-64697071C7CA}
	EndGlobalSection
EndGlobal
